// !$*UTF8*$!
{
	archiveVersion = 1;
	classes = {
	};
	objectVersion = 50;
	objects = {

/* Begin PBXBuildFile section */
		6BC637CC21712EB90087F0E9 /* AppDelegate.swift in Sources */ = {isa = PBXBuildFile; fileRef = 6BC637CB21712EB90087F0E9 /* AppDelegate.swift */; };
		6BC637D321712EBA0087F0E9 /* Assets.xcassets in Resources */ = {isa = PBXBuildFile; fileRef = 6BC637D221712EBA0087F0E9 /* Assets.xcassets */; };
		6BC637D621712EBA0087F0E9 /* LaunchScreen.storyboard in Resources */ = {isa = PBXBuildFile; fileRef = 6BC637D421712EBA0087F0E9 /* LaunchScreen.storyboard */; };
		6BC637E121712EBA0087F0E9 /* eggplant_brownieTests.swift in Sources */ = {isa = PBXBuildFile; fileRef = 6BC637E021712EBA0087F0E9 /* eggplant_brownieTests.swift */; };
		6BC637EC21712EBA0087F0E9 /* eggplant_brownieUITests.swift in Sources */ = {isa = PBXBuildFile; fileRef = 6BC637EB21712EBA0087F0E9 /* eggplant_brownieUITests.swift */; };
		6BD968D621757E2300E9C059 /* Meal.swift in Sources */ = {isa = PBXBuildFile; fileRef = 6BD968D521757E2300E9C059 /* Meal.swift */; };
		6BD968D821757E4700E9C059 /* Item.swift in Sources */ = {isa = PBXBuildFile; fileRef = 6BD968D721757E4700E9C059 /* Item.swift */; };
		6BD968DA21757F5A00E9C059 /* ViewController.swift in Sources */ = {isa = PBXBuildFile; fileRef = 6BD968D921757F5A00E9C059 /* ViewController.swift */; };
		6BD968DC21757F8E00E9C059 /* Main.storyboard in Resources */ = {isa = PBXBuildFile; fileRef = 6BD968DB21757F8E00E9C059 /* Main.storyboard */; };
		6BD969522178234D00E9C059 /* MealsTableViewController.swift in Sources */ = {isa = PBXBuildFile; fileRef = 6BD969512178234D00E9C059 /* MealsTableViewController.swift */; };
/* End PBXBuildFile section */

/* Begin PBXContainerItemProxy section */
		6BC637DD21712EBA0087F0E9 /* PBXContainerItemProxy */ = {
			isa = PBXContainerItemProxy;
			containerPortal = 6BC637C021712EB90087F0E9 /* Project object */;
			proxyType = 1;
			remoteGlobalIDString = 6BC637C721712EB90087F0E9;
			remoteInfo = "eggplant-brownie";
		};
		6BC637E821712EBA0087F0E9 /* PBXContainerItemProxy */ = {
			isa = PBXContainerItemProxy;
			containerPortal = 6BC637C021712EB90087F0E9 /* Project object */;
			proxyType = 1;
			remoteGlobalIDString = 6BC637C721712EB90087F0E9;
			remoteInfo = "eggplant-brownie";
		};
/* End PBXContainerItemProxy section */

/* Begin PBXFileReference section */
		6BC637C821712EB90087F0E9 /* eggplant-brownie.app */ = {isa = PBXFileReference; explicitFileType = wrapper.application; includeInIndex = 0; path = "eggplant-brownie.app"; sourceTree = BUILT_PRODUCTS_DIR; };
		6BC637CB21712EB90087F0E9 /* AppDelegate.swift */ = {isa = PBXFileReference; lastKnownFileType = sourcecode.swift; path = AppDelegate.swift; sourceTree = "<group>"; };
		6BC637D221712EBA0087F0E9 /* Assets.xcassets */ = {isa = PBXFileReference; lastKnownFileType = folder.assetcatalog; path = Assets.xcassets; sourceTree = "<group>"; };
		6BC637D521712EBA0087F0E9 /* Base */ = {isa = PBXFileReference; lastKnownFileType = file.storyboard; name = Base; path = Base.lproj/LaunchScreen.storyboard; sourceTree = "<group>"; };
		6BC637D721712EBA0087F0E9 /* Info.plist */ = {isa = PBXFileReference; lastKnownFileType = text.plist.xml; path = Info.plist; sourceTree = "<group>"; };
		6BC637DC21712EBA0087F0E9 /* eggplant-brownieTests.xctest */ = {isa = PBXFileReference; explicitFileType = wrapper.cfbundle; includeInIndex = 0; path = "eggplant-brownieTests.xctest"; sourceTree = BUILT_PRODUCTS_DIR; };
		6BC637E021712EBA0087F0E9 /* eggplant_brownieTests.swift */ = {isa = PBXFileReference; lastKnownFileType = sourcecode.swift; path = eggplant_brownieTests.swift; sourceTree = "<group>"; };
		6BC637E221712EBA0087F0E9 /* Info.plist */ = {isa = PBXFileReference; lastKnownFileType = text.plist.xml; path = Info.plist; sourceTree = "<group>"; };
		6BC637E721712EBA0087F0E9 /* eggplant-brownieUITests.xctest */ = {isa = PBXFileReference; explicitFileType = wrapper.cfbundle; includeInIndex = 0; path = "eggplant-brownieUITests.xctest"; sourceTree = BUILT_PRODUCTS_DIR; };
		6BC637EB21712EBA0087F0E9 /* eggplant_brownieUITests.swift */ = {isa = PBXFileReference; lastKnownFileType = sourcecode.swift; path = eggplant_brownieUITests.swift; sourceTree = "<group>"; };
		6BC637ED21712EBA0087F0E9 /* Info.plist */ = {isa = PBXFileReference; lastKnownFileType = text.plist.xml; path = Info.plist; sourceTree = "<group>"; };
		6BD968D021756FB900E9C059 /* MyPlayground.playground */ = {isa = PBXFileReference; lastKnownFileType = file.playground; path = MyPlayground.playground; sourceTree = "<group>"; xcLanguageSpecificationIdentifier = xcode.lang.swift; };
		6BD968D521757E2300E9C059 /* Meal.swift */ = {isa = PBXFileReference; lastKnownFileType = sourcecode.swift; path = Meal.swift; sourceTree = "<group>"; };
		6BD968D721757E4700E9C059 /* Item.swift */ = {isa = PBXFileReference; lastKnownFileType = sourcecode.swift; path = Item.swift; sourceTree = "<group>"; };
		6BD968D921757F5A00E9C059 /* ViewController.swift */ = {isa = PBXFileReference; fileEncoding = 4; lastKnownFileType = sourcecode.swift; path = ViewController.swift; sourceTree = "<group>"; };
		6BD968DB21757F8E00E9C059 /* Main.storyboard */ = {isa = PBXFileReference; fileEncoding = 4; lastKnownFileType = file.storyboard; name = Main.storyboard; path = "eggplant-brownie/views/Main.storyboard"; sourceTree = SOURCE_ROOT; };
		6BD969512178234D00E9C059 /* MealsTableViewController.swift */ = {isa = PBXFileReference; lastKnownFileType = sourcecode.swift; path = MealsTableViewController.swift; sourceTree = "<group>"; };
/* End PBXFileReference section */

/* Begin PBXFrameworksBuildPhase section */
		6BC637C521712EB90087F0E9 /* Frameworks */ = {
			isa = PBXFrameworksBuildPhase;
			buildActionMask = 2147483647;
			files = (
			);
			runOnlyForDeploymentPostprocessing = 0;
		};
		6BC637D921712EBA0087F0E9 /* Frameworks */ = {
			isa = PBXFrameworksBuildPhase;
			buildActionMask = 2147483647;
			files = (
			);
			runOnlyForDeploymentPostprocessing = 0;
		};
		6BC637E421712EBA0087F0E9 /* Frameworks */ = {
			isa = PBXFrameworksBuildPhase;
			buildActionMask = 2147483647;
			files = (
			);
			runOnlyForDeploymentPostprocessing = 0;
		};
/* End PBXFrameworksBuildPhase section */

/* Begin PBXGroup section */
		6BC637BF21712EB90087F0E9 = {
			isa = PBXGroup;
			children = (
				6BC637CA21712EB90087F0E9 /* eggplant-brownie */,
				6BC637DF21712EBA0087F0E9 /* eggplant-brownieTests */,
				6BC637EA21712EBA0087F0E9 /* eggplant-brownieUITests */,
				6BC637C921712EB90087F0E9 /* Products */,
			);
			sourceTree = "<group>";
		};
		6BC637C921712EB90087F0E9 /* Products */ = {
			isa = PBXGroup;
			children = (
				6BC637C821712EB90087F0E9 /* eggplant-brownie.app */,
				6BC637DC21712EBA0087F0E9 /* eggplant-brownieTests.xctest */,
				6BC637E721712EBA0087F0E9 /* eggplant-brownieUITests.xctest */,
			);
			name = Products;
			sourceTree = "<group>";
		};
		6BC637CA21712EB90087F0E9 /* eggplant-brownie */ = {
			isa = PBXGroup;
			children = (
				6BD968D321757DE900E9C059 /* models */,
				6BD968D421757DE900E9C059 /* viewcontrollers */,
				6BD968D221757DE900E9C059 /* views */,
				6BC637CB21712EB90087F0E9 /* AppDelegate.swift */,
				6BC637D221712EBA0087F0E9 /* Assets.xcassets */,
				6BC637D421712EBA0087F0E9 /* LaunchScreen.storyboard */,
				6BC637D721712EBA0087F0E9 /* Info.plist */,
				6BD968D021756FB900E9C059 /* MyPlayground.playground */,
			);
			path = "eggplant-brownie";
			sourceTree = "<group>";
		};
		6BC637DF21712EBA0087F0E9 /* eggplant-brownieTests */ = {
			isa = PBXGroup;
			children = (
				6BC637E021712EBA0087F0E9 /* eggplant_brownieTests.swift */,
				6BC637E221712EBA0087F0E9 /* Info.plist */,
			);
			path = "eggplant-brownieTests";
			sourceTree = "<group>";
		};
		6BC637EA21712EBA0087F0E9 /* eggplant-brownieUITests */ = {
			isa = PBXGroup;
			children = (
				6BC637EB21712EBA0087F0E9 /* eggplant_brownieUITests.swift */,
				6BC637ED21712EBA0087F0E9 /* Info.plist */,
			);
			path = "eggplant-brownieUITests";
			sourceTree = "<group>";
		};
		6BD968D221757DE900E9C059 /* views */ = {
			isa = PBXGroup;
			children = (
				6BD968DB21757F8E00E9C059 /* Main.storyboard */,
			);
			path = views;
			sourceTree = "<group>";
		};
		6BD968D321757DE900E9C059 /* models */ = {
			isa = PBXGroup;
			children = (
				6BD968D521757E2300E9C059 /* Meal.swift */,
				6BD968D721757E4700E9C059 /* Item.swift */,
			);
			path = models;
			sourceTree = "<group>";
		};
		6BD968D421757DE900E9C059 /* viewcontrollers */ = {
			isa = PBXGroup;
			children = (
				6BD968D921757F5A00E9C059 /* ViewController.swift */,
				6BD969512178234D00E9C059 /* MealsTableViewController.swift */,
			);
			path = viewcontrollers;
			sourceTree = "<group>";
		};
/* End PBXGroup section */

/* Begin PBXNativeTarget section */
		6BC637C721712EB90087F0E9 /* eggplant-brownie */ = {
			isa = PBXNativeTarget;
			buildConfigurationList = 6BC637F021712EBA0087F0E9 /* Build configuration list for PBXNativeTarget "eggplant-brownie" */;
			buildPhases = (
				6BC637C421712EB90087F0E9 /* Sources */,
				6BC637C521712EB90087F0E9 /* Frameworks */,
				6BC637C621712EB90087F0E9 /* Resources */,
			);
			buildRules = (
			);
			dependencies = (
			);
			name = "eggplant-brownie";
			productName = "eggplant-brownie";
			productReference = 6BC637C821712EB90087F0E9 /* eggplant-brownie.app */;
			productType = "com.apple.product-type.application";
		};
		6BC637DB21712EBA0087F0E9 /* eggplant-brownieTests */ = {
			isa = PBXNativeTarget;
			buildConfigurationList = 6BC637F321712EBA0087F0E9 /* Build configuration list for PBXNativeTarget "eggplant-brownieTests" */;
			buildPhases = (
				6BC637D821712EBA0087F0E9 /* Sources */,
				6BC637D921712EBA0087F0E9 /* Frameworks */,
				6BC637DA21712EBA0087F0E9 /* Resources */,
			);
			buildRules = (
			);
			dependencies = (
				6BC637DE21712EBA0087F0E9 /* PBXTargetDependency */,
			);
			name = "eggplant-brownieTests";
			productName = "eggplant-brownieTests";
			productReference = 6BC637DC21712EBA0087F0E9 /* eggplant-brownieTests.xctest */;
			productType = "com.apple.product-type.bundle.unit-test";
		};
		6BC637E621712EBA0087F0E9 /* eggplant-brownieUITests */ = {
			isa = PBXNativeTarget;
			buildConfigurationList = 6BC637F621712EBA0087F0E9 /* Build configuration list for PBXNativeTarget "eggplant-brownieUITests" */;
			buildPhases = (
				6BC637E321712EBA0087F0E9 /* Sources */,
				6BC637E421712EBA0087F0E9 /* Frameworks */,
				6BC637E521712EBA0087F0E9 /* Resources */,
			);
			buildRules = (
			);
			dependencies = (
				6BC637E921712EBA0087F0E9 /* PBXTargetDependency */,
			);
			name = "eggplant-brownieUITests";
			productName = "eggplant-brownieUITests";
			productReference = 6BC637E721712EBA0087F0E9 /* eggplant-brownieUITests.xctest */;
			productType = "com.apple.product-type.bundle.ui-testing";
		};
/* End PBXNativeTarget section */

/* Begin PBXProject section */
		6BC637C021712EB90087F0E9 /* Project object */ = {
			isa = PBXProject;
			attributes = {
				LastSwiftUpdateCheck = 1000;
				LastUpgradeCheck = 1000;
				ORGANIZATIONNAME = "Bruno Paulino";
				TargetAttributes = {
					6BC637C721712EB90087F0E9 = {
						CreatedOnToolsVersion = 10.0;
					};
					6BC637DB21712EBA0087F0E9 = {
						CreatedOnToolsVersion = 10.0;
						TestTargetID = 6BC637C721712EB90087F0E9;
					};
					6BC637E621712EBA0087F0E9 = {
						CreatedOnToolsVersion = 10.0;
						TestTargetID = 6BC637C721712EB90087F0E9;
					};
				};
			};
			buildConfigurationList = 6BC637C321712EB90087F0E9 /* Build configuration list for PBXProject "eggplant-brownie" */;
			compatibilityVersion = "Xcode 9.3";
			developmentRegion = en;
			hasScannedForEncodings = 0;
			knownRegions = (
				en,
				Base,
			);
			mainGroup = 6BC637BF21712EB90087F0E9;
			productRefGroup = 6BC637C921712EB90087F0E9 /* Products */;
			projectDirPath = "";
			projectRoot = "";
			targets = (
				6BC637C721712EB90087F0E9 /* eggplant-brownie */,
				6BC637DB21712EBA0087F0E9 /* eggplant-brownieTests */,
				6BC637E621712EBA0087F0E9 /* eggplant-brownieUITests */,
			);
		};
/* End PBXProject section */

/* Begin PBXResourcesBuildPhase section */
		6BC637C621712EB90087F0E9 /* Resources */ = {
			isa = PBXResourcesBuildPhase;
			buildActionMask = 2147483647;
			files = (
				6BD968DC21757F8E00E9C059 /* Main.storyboard in Resources */,
				6BC637D621712EBA0087F0E9 /* LaunchScreen.storyboard in Resources */,
				6BC637D321712EBA0087F0E9 /* Assets.xcassets in Resources */,
			);
			runOnlyForDeploymentPostprocessing = 0;
		};
		6BC637DA21712EBA0087F0E9 /* Resources */ = {
			isa = PBXResourcesBuildPhase;
			buildActionMask = 2147483647;
			files = (
			);
			runOnlyForDeploymentPostprocessing = 0;
		};
		6BC637E521712EBA0087F0E9 /* Resources */ = {
			isa = PBXResourcesBuildPhase;
			buildActionMask = 2147483647;
			files = (
			);
			runOnlyForDeploymentPostprocessing = 0;
		};
/* End PBXResourcesBuildPhase section */

/* Begin PBXSourcesBuildPhase section */
		6BC637C421712EB90087F0E9 /* Sources */ = {
			isa = PBXSourcesBuildPhase;
			buildActionMask = 2147483647;
			files = (
				6BD969522178234D00E9C059 /* MealsTableViewController.swift in Sources */,
				6BD968D821757E4700E9C059 /* Item.swift in Sources */,
				6BD968D621757E2300E9C059 /* Meal.swift in Sources */,
				6BD968DA21757F5A00E9C059 /* ViewController.swift in Sources */,
				6BC637CC21712EB90087F0E9 /* AppDelegate.swift in Sources */,
			);
			runOnlyForDeploymentPostprocessing = 0;
		};
		6BC637D821712EBA0087F0E9 /* Sources */ = {
			isa = PBXSourcesBuildPhase;
			buildActionMask = 2147483647;
			files = (
				6BC637E121712EBA0087F0E9 /* eggplant_brownieTests.swift in Sources */,
			);
			runOnlyForDeploymentPostprocessing = 0;
		};
		6BC637E321712EBA0087F0E9 /* Sources */ = {
			isa = PBXSourcesBuildPhase;
			buildActionMask = 2147483647;
			files = (
				6BC637EC21712EBA0087F0E9 /* eggplant_brownieUITests.swift in Sources */,
			);
			runOnlyForDeploymentPostprocessing = 0;
		};
/* End PBXSourcesBuildPhase section */

/* Begin PBXTargetDependency section */
		6BC637DE21712EBA0087F0E9 /* PBXTargetDependency */ = {
			isa = PBXTargetDependency;
			target = 6BC637C721712EB90087F0E9 /* eggplant-brownie */;
			targetProxy = 6BC637DD21712EBA0087F0E9 /* PBXContainerItemProxy */;
		};
		6BC637E921712EBA0087F0E9 /* PBXTargetDependency */ = {
			isa = PBXTargetDependency;
			target = 6BC637C721712EB90087F0E9 /* eggplant-brownie */;
			targetProxy = 6BC637E821712EBA0087F0E9 /* PBXContainerItemProxy */;
		};
/* End PBXTargetDependency section */

/* Begin PBXVariantGroup section */
		6BC637D421712EBA0087F0E9 /* LaunchScreen.storyboard */ = {
			isa = PBXVariantGroup;
			children = (
				6BC637D521712EBA0087F0E9 /* Base */,
			);
			name = LaunchScreen.storyboard;
			sourceTree = "<group>";
		};
/* End PBXVariantGroup section */

/* Begin XCBuildConfiguration section */
		6BC637EE21712EBA0087F0E9 /* Debug */ = {
			isa = XCBuildConfiguration;
			buildSettings = {
				ALWAYS_SEARCH_USER_PATHS = NO;
				CLANG_ANALYZER_NONNULL = YES;
				CLANG_ANALYZER_NUMBER_OBJECT_CONVERSION = YES_AGGRESSIVE;
				CLANG_CXX_LANGUAGE_STANDARD = "gnu++14";
				CLANG_CXX_LIBRARY = "libc++";
				CLANG_ENABLE_MODULES = YES;
				CLANG_ENABLE_OBJC_ARC = YES;
				CLANG_ENABLE_OBJC_WEAK = YES;
				CLANG_WARN_BLOCK_CAPTURE_AUTORELEASING = YES;
				CLANG_WARN_BOOL_CONVERSION = YES;
				CLANG_WARN_COMMA = YES;
				CLANG_WARN_CONSTANT_CONVERSION = YES;
				CLANG_WARN_DEPRECATED_OBJC_IMPLEMENTATIONS = YES;
				CLANG_WARN_DIRECT_OBJC_ISA_USAGE = YES_ERROR;
				CLANG_WARN_DOCUMENTATION_COMMENTS = YES;
				CLANG_WARN_EMPTY_BODY = YES;
				CLANG_WARN_ENUM_CONVERSION = YES;
				CLANG_WARN_INFINITE_RECURSION = YES;
				CLANG_WARN_INT_CONVERSION = YES;
				CLANG_WARN_NON_LITERAL_NULL_CONVERSION = YES;
				CLANG_WARN_OBJC_IMPLICIT_RETAIN_SELF = YES;
				CLANG_WARN_OBJC_LITERAL_CONVERSION = YES;
				CLANG_WARN_OBJC_ROOT_CLASS = YES_ERROR;
				CLANG_WARN_RANGE_LOOP_ANALYSIS = YES;
				CLANG_WARN_STRICT_PROTOTYPES = YES;
				CLANG_WARN_SUSPICIOUS_MOVE = YES;
				CLANG_WARN_UNGUARDED_AVAILABILITY = YES_AGGRESSIVE;
				CLANG_WARN_UNREACHABLE_CODE = YES;
				CLANG_WARN__DUPLICATE_METHOD_MATCH = YES;
				CODE_SIGN_IDENTITY = "iPhone Developer";
				COPY_PHASE_STRIP = NO;
				DEBUG_INFORMATION_FORMAT = dwarf;
				ENABLE_STRICT_OBJC_MSGSEND = YES;
				ENABLE_TESTABILITY = YES;
				GCC_C_LANGUAGE_STANDARD = gnu11;
				GCC_DYNAMIC_NO_PIC = NO;
				GCC_NO_COMMON_BLOCKS = YES;
				GCC_OPTIMIZATION_LEVEL = 0;
				GCC_PREPROCESSOR_DEFINITIONS = (
					"DEBUG=1",
					"$(inherited)",
				);
				GCC_WARN_64_TO_32_BIT_CONVERSION = YES;
				GCC_WARN_ABOUT_RETURN_TYPE = YES_ERROR;
				GCC_WARN_UNDECLARED_SELECTOR = YES;
				GCC_WARN_UNINITIALIZED_AUTOS = YES_AGGRESSIVE;
				GCC_WARN_UNUSED_FUNCTION = YES;
				GCC_WARN_UNUSED_VARIABLE = YES;
				IPHONEOS_DEPLOYMENT_TARGET = 12.0;
				MTL_ENABLE_DEBUG_INFO = INCLUDE_SOURCE;
				MTL_FAST_MATH = YES;
				ONLY_ACTIVE_ARCH = YES;
				SDKROOT = iphoneos;
				SWIFT_ACTIVE_COMPILATION_CONDITIONS = DEBUG;
				SWIFT_OPTIMIZATION_LEVEL = "-Onone";
			};
			name = Debug;
		};
		6BC637EF21712EBA0087F0E9 /* Release */ = {
			isa = XCBuildConfiguration;
			buildSettings = {
				ALWAYS_SEARCH_USER_PATHS = NO;
				CLANG_ANALYZER_NONNULL = YES;
				CLANG_ANALYZER_NUMBER_OBJECT_CONVERSION = YES_AGGRESSIVE;
				CLANG_CXX_LANGUAGE_STANDARD = "gnu++14";
				CLANG_CXX_LIBRARY = "libc++";
				CLANG_ENABLE_MODULES = YES;
				CLANG_ENABLE_OBJC_ARC = YES;
				CLANG_ENABLE_OBJC_WEAK = YES;
				CLANG_WARN_BLOCK_CAPTURE_AUTORELEASING = YES;
				CLANG_WARN_BOOL_CONVERSION = YES;
				CLANG_WARN_COMMA = YES;
				CLANG_WARN_CONSTANT_CONVERSION = YES;
				CLANG_WARN_DEPRECATED_OBJC_IMPLEMENTATIONS = YES;
				CLANG_WARN_DIRECT_OBJC_ISA_USAGE = YES_ERROR;
				CLANG_WARN_DOCUMENTATION_COMMENTS = YES;
				CLANG_WARN_EMPTY_BODY = YES;
				CLANG_WARN_ENUM_CONVERSION = YES;
				CLANG_WARN_INFINITE_RECURSION = YES;
				CLANG_WARN_INT_CONVERSION = YES;
				CLANG_WARN_NON_LITERAL_NULL_CONVERSION = YES;
				CLANG_WARN_OBJC_IMPLICIT_RETAIN_SELF = YES;
				CLANG_WARN_OBJC_LITERAL_CONVERSION = YES;
				CLANG_WARN_OBJC_ROOT_CLASS = YES_ERROR;
				CLANG_WARN_RANGE_LOOP_ANALYSIS = YES;
				CLANG_WARN_STRICT_PROTOTYPES = YES;
				CLANG_WARN_SUSPICIOUS_MOVE = YES;
				CLANG_WARN_UNGUARDED_AVAILABILITY = YES_AGGRESSIVE;
				CLANG_WARN_UNREACHABLE_CODE = YES;
				CLANG_WARN__DUPLICATE_METHOD_MATCH = YES;
				CODE_SIGN_IDENTITY = "iPhone Developer";
				COPY_PHASE_STRIP = NO;
				DEBUG_INFORMATION_FORMAT = "dwarf-with-dsym";
				ENABLE_NS_ASSERTIONS = NO;
				ENABLE_STRICT_OBJC_MSGSEND = YES;
				GCC_C_LANGUAGE_STANDARD = gnu11;
				GCC_NO_COMMON_BLOCKS = YES;
				GCC_WARN_64_TO_32_BIT_CONVERSION = YES;
				GCC_WARN_ABOUT_RETURN_TYPE = YES_ERROR;
				GCC_WARN_UNDECLARED_SELECTOR = YES;
				GCC_WARN_UNINITIALIZED_AUTOS = YES_AGGRESSIVE;
				GCC_WARN_UNUSED_FUNCTION = YES;
				GCC_WARN_UNUSED_VARIABLE = YES;
				IPHONEOS_DEPLOYMENT_TARGET = 12.0;
				MTL_ENABLE_DEBUG_INFO = NO;
				MTL_FAST_MATH = YES;
				SDKROOT = iphoneos;
				SWIFT_COMPILATION_MODE = wholemodule;
				SWIFT_OPTIMIZATION_LEVEL = "-O";
				VALIDATE_PRODUCT = YES;
			};
			name = Release;
		};
		6BC637F121712EBA0087F0E9 /* Debug */ = {
			isa = XCBuildConfiguration;
			buildSettings = {
				ASSETCATALOG_COMPILER_APPICON_NAME = AppIcon;
				CODE_SIGN_STYLE = Automatic;
				INFOPLIST_FILE = "eggplant-brownie/Info.plist";
				LD_RUNPATH_SEARCH_PATHS = (
					"$(inherited)",
					"@executable_path/Frameworks",
				);
				PRODUCT_BUNDLE_IDENTIFIER = "br.com.paal.eggplant-brownie";
				PRODUCT_NAME = "$(TARGET_NAME)";
				SWIFT_VERSION = 4.2;
				TARGETED_DEVICE_FAMILY = "1,2";
			};
			name = Debug;
		};
		6BC637F221712EBA0087F0E9 /* Release */ = {
			isa = XCBuildConfiguration;
			buildSettings = {
				ASSETCATALOG_COMPILER_APPICON_NAME = AppIcon;
				CODE_SIGN_STYLE = Automatic;
				INFOPLIST_FILE = "eggplant-brownie/Info.plist";
				LD_RUNPATH_SEARCH_PATHS = (
					"$(inherited)",
					"@executable_path/Frameworks",
				);
				PRODUCT_BUNDLE_IDENTIFIER = "br.com.paal.eggplant-brownie";
				PRODUCT_NAME = "$(TARGET_NAME)";
				SWIFT_VERSION = 4.2;
				TARGETED_DEVICE_FAMILY = "1,2";
			};
			name = Release;
		};
		6BC637F421712EBA0087F0E9 /* Debug */ = {
			isa = XCBuildConfiguration;
			buildSettings = {
				ALWAYS_EMBED_SWIFT_STANDARD_LIBRARIES = YES;
				BUNDLE_LOADER = "$(TEST_HOST)";
				CODE_SIGN_STYLE = Automatic;
				INFOPLIST_FILE = "eggplant-brownieTests/Info.plist";
				LD_RUNPATH_SEARCH_PATHS = (
					"$(inherited)",
					"@executable_path/Frameworks",
					"@loader_path/Frameworks",
				);
				PRODUCT_BUNDLE_IDENTIFIER = "br.com.paal.eggplant-brownieTests";
				PRODUCT_NAME = "$(TARGET_NAME)";
				SWIFT_VERSION = 4.2;
				TARGETED_DEVICE_FAMILY = "1,2";
				TEST_HOST = "$(BUILT_PRODUCTS_DIR)/eggplant-brownie.app/eggplant-brownie";
			};
			name = Debug;
		};
		6BC637F521712EBA0087F0E9 /* Release */ = {
			isa = XCBuildConfiguration;
			buildSettings = {
				ALWAYS_EMBED_SWIFT_STANDARD_LIBRARIES = YES;
				BUNDLE_LOADER = "$(TEST_HOST)";
				CODE_SIGN_STYLE = Automatic;
				INFOPLIST_FILE = "eggplant-brownieTests/Info.plist";
				LD_RUNPATH_SEARCH_PATHS = (
					"$(inherited)",
					"@executable_path/Frameworks",
					"@loader_path/Frameworks",
				);
				PRODUCT_BUNDLE_IDENTIFIER = "br.com.paal.eggplant-brownieTests";
				PRODUCT_NAME = "$(TARGET_NAME)";
				SWIFT_VERSION = 4.2;
				TARGETED_DEVICE_FAMILY = "1,2";
				TEST_HOST = "$(BUILT_PRODUCTS_DIR)/eggplant-brownie.app/eggplant-brownie";
			};
			name = Release;
		};
		6BC637F721712EBA0087F0E9 /* Debug */ = {
			isa = XCBuildConfiguration;
			buildSettings = {
				ALWAYS_EMBED_SWIFT_STANDARD_LIBRARIES = YES;
				CODE_SIGN_STYLE = Automatic;
				INFOPLIST_FILE = "eggplant-brownieUITests/Info.plist";
				LD_RUNPATH_SEARCH_PATHS = (
					"$(inherited)",
					"@executable_path/Frameworks",
					"@loader_path/Frameworks",
				);
				PRODUCT_BUNDLE_IDENTIFIER = "br.com.paal.eggplant-brownieUITests";
				PRODUCT_NAME = "$(TARGET_NAME)";
				SWIFT_VERSION = 4.2;
				TARGETED_DEVICE_FAMILY = "1,2";
				TEST_TARGET_NAME = "eggplant-brownie";
			};
			name = Debug;
		};
		6BC637F821712EBA0087F0E9 /* Release */ = {
			isa = XCBuildConfiguration;
			buildSettings = {
				ALWAYS_EMBED_SWIFT_STANDARD_LIBRARIES = YES;
				CODE_SIGN_STYLE = Automatic;
				INFOPLIST_FILE = "eggplant-brownieUITests/Info.plist";
				LD_RUNPATH_SEARCH_PATHS = (
					"$(inherited)",
					"@executable_path/Frameworks",
					"@loader_path/Frameworks",
				);
				PRODUCT_BUNDLE_IDENTIFIER = "br.com.paal.eggplant-brownieUITests";
				PRODUCT_NAME = "$(TARGET_NAME)";
				SWIFT_VERSION = 4.2;
				TARGETED_DEVICE_FAMILY = "1,2";
				TEST_TARGET_NAME = "eggplant-brownie";
			};
			name = Release;
		};
/* End XCBuildConfiguration section */

/* Begin XCConfigurationList section */
		6BC637C321712EB90087F0E9 /* Build configuration list for PBXProject "eggplant-brownie" */ = {
			isa = XCConfigurationList;
			buildConfigurations = (
				6BC637EE21712EBA0087F0E9 /* Debug */,
				6BC637EF21712EBA0087F0E9 /* Release */,
			);
			defaultConfigurationIsVisible = 0;
			defaultConfigurationName = Release;
		};
		6BC637F021712EBA0087F0E9 /* Build configuration list for PBXNativeTarget "eggplant-brownie" */ = {
			isa = XCConfigurationList;
			buildConfigurations = (
				6BC637F121712EBA0087F0E9 /* Debug */,
				6BC637F221712EBA0087F0E9 /* Release */,
			);
			defaultConfigurationIsVisible = 0;
			defaultConfigurationName = Release;
		};
		6BC637F321712EBA0087F0E9 /* Build configuration list for PBXNativeTarget "eggplant-brownieTests" */ = {
			isa = XCConfigurationList;
			buildConfigurations = (
				6BC637F421712EBA0087F0E9 /* Debug */,
				6BC637F521712EBA0087F0E9 /* Release */,
			);
			defaultConfigurationIsVisible = 0;
			defaultConfigurationName = Release;
		};
		6BC637F621712EBA0087F0E9 /* Build configuration list for PBXNativeTarget "eggplant-brownieUITests" */ = {
			isa = XCConfigurationList;
			buildConfigurations = (
				6BC637F721712EBA0087F0E9 /* Debug */,
				6BC637F821712EBA0087F0E9 /* Release */,
			);
			defaultConfigurationIsVisible = 0;
			defaultConfigurationName = Release;
		};
/* End XCConfigurationList section */
	};
	rootObject = 6BC637C021712EB90087F0E9 /* Project object */;
}
